
Microsoft Visual Studio Solution File, Format Version 12.00
# Visual Studio Version 17
VisualStudioVersion = 17.0.31919.166
MinimumVisualStudioVersion = 10.0.40219.1
Project("{FAE04EC0-301F-11D3-BF4B-00C04F79EFBC}") = "Tolitech.CodeGenerator.Logging.Database.MySql", "Logging.Database.MySql\Tolitech.CodeGenerator.Logging.Database.MySql.csproj", "{BDD2523A-91FB-4DBE-AB5E-218E58725775}"
EndProject
Project("{FAE04EC0-301F-11D3-BF4B-00C04F79EFBC}") = "Tolitech.CodeGenerator.Logging.Database.MySql.Tests", "Logging.Database.MySql.Tests\Tolitech.CodeGenerator.Logging.Database.MySql.Tests.csproj", "{D5CC88D0-DF05-4C94-9175-E93A48346DB5}"
EndProject
Global
	GlobalSection(SolutionConfigurationPlatforms) = preSolution
		Debug|Any CPU = Debug|Any CPU
		Release|Any CPU = Release|Any CPU
	EndGlobalSection
	GlobalSection(ProjectConfigurationPlatforms) = postSolution
		{BDD2523A-91FB-4DBE-AB5E-218E58725775}.Debug|Any CPU.ActiveCfg = Debug|Any CPU
		{BDD2523A-91FB-4DBE-AB5E-218E58725775}.Debug|Any CPU.Build.0 = Debug|Any CPU
		{BDD2523A-91FB-4DBE-AB5E-218E58725775}.Release|Any CPU.ActiveCfg = Release|Any CPU
		{BDD2523A-91FB-4DBE-AB5E-218E58725775}.Release|Any CPU.Build.0 = Release|Any CPU
		{D5CC88D0-DF05-4C94-9175-E93A48346DB5}.Debug|Any CPU.ActiveCfg = Debug|Any CPU
		{D5CC88D0-DF05-4C94-9175-E93A48346DB5}.Debug|Any CPU.Build.0 = Debug|Any CPU
		{D5CC88D0-DF05-4C94-9175-E93A48346DB5}.Release|Any CPU.ActiveCfg = Release|Any CPU
		{D5CC88D0-DF05-4C94-9175-E93A48346DB5}.Release|Any CPU.Build.0 = Release|Any CPU
	EndGlobalSection
	GlobalSection(SolutionProperties) = preSolution
		HideSolutionNode = FALSE
	EndGlobalSection
	GlobalSection(ExtensibilityGlobals) = postSolution
		SolutionGuid = {28A90E7B-E747-4773-8A22-E6CF4DB9AEFE}
	EndGlobalSection
EndGlobal
